lockfileVersion: '6.0'

dependencies:
  kontra:
    specifier: ^9.0.0
    version: 9.0.0
  ws:
    specifier: ^8.13.0
    version: 8.13.0

packages:

  /kontra@9.0.0:
    resolution: {integrity: sha512-/8A3vsLP4OuSHlNTaF4f9tq7+AG0F2OqtlUcfQwwlRVtmrIpm1jVeKORu5EpKRxciLVG/9RkOAOgCwPwN0fVhw==}
    engines: {node: '>=14.0.0'}
    dev: false

  /ws@8.13.0:
    resolution: {integrity: sha512-x9vcZYTrFPC7aSIbj7sRCYo7L/Xb8Iy+pW0ng0wt2vCJv7M9HOMy0UoN3rr+IFC7hb7vXoqS+P9ktyLLLhO+LA==}
    engines: {node: '>=10.0.0'}
    peerDependencies:
      bufferutil: ^4.0.1
      utf-8-validate: '>=5.0.2'
    peerDependenciesMeta:
      bufferutil:
        optional: true
      utf-8-validate:
        optional: true
    dev: false
